
Microsoft Visual Studio Solution File, Format Version 12.00
# Visual Studio 14
VisualStudioVersion = 14.0.25420.1
MinimumVisualStudioVersion = 10.0.40219.1
Project("{FAE04EC0-301F-11D3-BF4B-00C04F79EFBC}") = "Notifications.WebApi", "Notifications.WebApi\Notifications.WebApi.csproj", "{9996FE5A-530B-44F7-9445-0C06F168A11E}"
EndProject
Project("{FAE04EC0-301F-11D3-BF4B-00C04F79EFBC}") = "Notifications.Domain", "Notifications.Domain\Notifications.Domain.csproj", "{D5CBE675-AC59-4F34-AFE7-5F94F736D42E}"
EndProject
Project("{FAE04EC0-301F-11D3-BF4B-00C04F79EFBC}") = "Notifications.Messages", "Notifications.Messages\Notifications.Messages.csproj", "{7E7272DF-BFE6-4FEC-9E7E-0D580B9D49C7}"
EndProject
Project("{FAE04EC0-301F-11D3-BF4B-00C04F79EFBC}") = "Notifications.Domain.UnitTests", "Notifications.Domain.UnitTests\Notifications.Domain.UnitTests.csproj", "{505B933D-E8A1-423B-BD4A-17067579083D}"
EndProject
Project("{FAE04EC0-301F-11D3-BF4B-00C04F79EFBC}") = "Notifications.Storage", "Notifications.Storage\Notifications.Storage.csproj", "{55CE46EE-451B-49D1-AEA5-8CCE9750F6C0}"
EndProject
Project("{FAE04EC0-301F-11D3-BF4B-00C04F79EFBC}") = "Notifications.Storage.UnitTests", "Notifications.Storage.UnitTests\Notifications.Storage.UnitTests.csproj", "{A8DAD1CD-1D84-4E1D-8090-2D7C02E5C088}"
EndProject
Project("{FAE04EC0-301F-11D3-BF4B-00C04F79EFBC}") = "Notifications.SimplePerformanceTester", "Notifications.SimplePerformanceTester\Notifications.SimplePerformanceTester.csproj", "{1E539725-892A-4444-8BCA-8AE7199D0746}"
EndProject
Project("{FAE04EC0-301F-11D3-BF4B-00C04F79EFBC}") = "Notifications.DbMigrator", "Notifications.DbMigrator\Notifications.DbMigrator.csproj", "{320C5676-FCBE-4945-AE3D-F6EFC4BB4396}"
EndProject
Global
	GlobalSection(SolutionConfigurationPlatforms) = preSolution
		Debug|Any CPU = Debug|Any CPU
		Release|Any CPU = Release|Any CPU
	EndGlobalSection
	GlobalSection(ProjectConfigurationPlatforms) = postSolution
		{9996FE5A-530B-44F7-9445-0C06F168A11E}.Debug|Any CPU.ActiveCfg = Debug|Any CPU
		{9996FE5A-530B-44F7-9445-0C06F168A11E}.Debug|Any CPU.Build.0 = Debug|Any CPU
		{9996FE5A-530B-44F7-9445-0C06F168A11E}.Release|Any CPU.ActiveCfg = Release|Any CPU
		{9996FE5A-530B-44F7-9445-0C06F168A11E}.Release|Any CPU.Build.0 = Release|Any CPU
		{D5CBE675-AC59-4F34-AFE7-5F94F736D42E}.Debug|Any CPU.ActiveCfg = Debug|Any CPU
		{D5CBE675-AC59-4F34-AFE7-5F94F736D42E}.Debug|Any CPU.Build.0 = Debug|Any CPU
		{D5CBE675-AC59-4F34-AFE7-5F94F736D42E}.Release|Any CPU.ActiveCfg = Release|Any CPU
		{D5CBE675-AC59-4F34-AFE7-5F94F736D42E}.Release|Any CPU.Build.0 = Release|Any CPU
		{7E7272DF-BFE6-4FEC-9E7E-0D580B9D49C7}.Debug|Any CPU.ActiveCfg = Debug|Any CPU
		{7E7272DF-BFE6-4FEC-9E7E-0D580B9D49C7}.Debug|Any CPU.Build.0 = Debug|Any CPU
		{7E7272DF-BFE6-4FEC-9E7E-0D580B9D49C7}.Release|Any CPU.ActiveCfg = Release|Any CPU
		{7E7272DF-BFE6-4FEC-9E7E-0D580B9D49C7}.Release|Any CPU.Build.0 = Release|Any CPU
		{505B933D-E8A1-423B-BD4A-17067579083D}.Debug|Any CPU.ActiveCfg = Debug|Any CPU
		{505B933D-E8A1-423B-BD4A-17067579083D}.Debug|Any CPU.Build.0 = Debug|Any CPU
		{505B933D-E8A1-423B-BD4A-17067579083D}.Release|Any CPU.ActiveCfg = Release|Any CPU
		{505B933D-E8A1-423B-BD4A-17067579083D}.Release|Any CPU.Build.0 = Release|Any CPU
		{55CE46EE-451B-49D1-AEA5-8CCE9750F6C0}.Debug|Any CPU.ActiveCfg = Debug|Any CPU
		{55CE46EE-451B-49D1-AEA5-8CCE9750F6C0}.Debug|Any CPU.Build.0 = Debug|Any CPU
		{55CE46EE-451B-49D1-AEA5-8CCE9750F6C0}.Release|Any CPU.ActiveCfg = Release|Any CPU
		{55CE46EE-451B-49D1-AEA5-8CCE9750F6C0}.Release|Any CPU.Build.0 = Release|Any CPU
		{A8DAD1CD-1D84-4E1D-8090-2D7C02E5C088}.Debug|Any CPU.ActiveCfg = Debug|Any CPU
		{A8DAD1CD-1D84-4E1D-8090-2D7C02E5C088}.Debug|Any CPU.Build.0 = Debug|Any CPU
		{A8DAD1CD-1D84-4E1D-8090-2D7C02E5C088}.Release|Any CPU.ActiveCfg = Release|Any CPU
		{A8DAD1CD-1D84-4E1D-8090-2D7C02E5C088}.Release|Any CPU.Build.0 = Release|Any CPU
		{1E539725-892A-4444-8BCA-8AE7199D0746}.Debug|Any CPU.ActiveCfg = Debug|Any CPU
		{1E539725-892A-4444-8BCA-8AE7199D0746}.Debug|Any CPU.Build.0 = Debug|Any CPU
		{1E539725-892A-4444-8BCA-8AE7199D0746}.Release|Any CPU.ActiveCfg = Release|Any CPU
		{1E539725-892A-4444-8BCA-8AE7199D0746}.Release|Any CPU.Build.0 = Release|Any CPU
		{320C5676-FCBE-4945-AE3D-F6EFC4BB4396}.Debug|Any CPU.ActiveCfg = Debug|Any CPU
		{320C5676-FCBE-4945-AE3D-F6EFC4BB4396}.Debug|Any CPU.Build.0 = Debug|Any CPU
		{320C5676-FCBE-4945-AE3D-F6EFC4BB4396}.Release|Any CPU.ActiveCfg = Release|Any CPU
		{320C5676-FCBE-4945-AE3D-F6EFC4BB4396}.Release|Any CPU.Build.0 = Release|Any CPU
	EndGlobalSection
	GlobalSection(SolutionProperties) = preSolution
		HideSolutionNode = FALSE
	EndGlobalSection
EndGlobal
